// !$*UTF8*$!
{
	archiveVersion = 1;
	classes = {
	};
	objectVersion = 53;
	objects = {

/* Begin PBXBuildFile section */
		A50BA1772A08EDCF00A15784 /* Tests_iOS.swift in Sources */ = {isa = PBXBuildFile; fileRef = A50BA1762A08EDCF00A15784 /* Tests_iOS.swift */; };
		A50BA1822A08EDCF00A15784 /* Tests_macOS.swift in Sources */ = {isa = PBXBuildFile; fileRef = A50BA1812A08EDCF00A15784 /* Tests_macOS.swift */; };
		A50BA1842A08EDCF00A15784 /* TotalSecurity.xcdatamodeld in Sources */ = {isa = PBXBuildFile; fileRef = A50BA1582A08EDCC00A15784 /* TotalSecurity.xcdatamodeld */; };
		A50BA1852A08EDCF00A15784 /* TotalSecurity.xcdatamodeld in Sources */ = {isa = PBXBuildFile; fileRef = A50BA1582A08EDCC00A15784 /* TotalSecurity.xcdatamodeld */; };
		A50BA1862A08EDCF00A15784 /* TotalSecurityApp.swift in Sources */ = {isa = PBXBuildFile; fileRef = A50BA15A2A08EDCC00A15784 /* TotalSecurityApp.swift */; };
		A50BA1872A08EDCF00A15784 /* TotalSecurityApp.swift in Sources */ = {isa = PBXBuildFile; fileRef = A50BA15A2A08EDCC00A15784 /* TotalSecurityApp.swift */; };
		A50BA1882A08EDCF00A15784 /* ContentView.swift in Sources */ = {isa = PBXBuildFile; fileRef = A50BA15B2A08EDCC00A15784 /* ContentView.swift */; };
		A50BA1892A08EDCF00A15784 /* ContentView.swift in Sources */ = {isa = PBXBuildFile; fileRef = A50BA15B2A08EDCC00A15784 /* ContentView.swift */; };
		A50BA18A2A08EDCF00A15784 /* Persistence.swift in Sources */ = {isa = PBXBuildFile; fileRef = A50BA15C2A08EDCC00A15784 /* Persistence.swift */; };
		A50BA18B2A08EDCF00A15784 /* Persistence.swift in Sources */ = {isa = PBXBuildFile; fileRef = A50BA15C2A08EDCC00A15784 /* Persistence.swift */; };
		A50BA18C2A08EDCF00A15784 /* Assets.xcassets in Resources */ = {isa = PBXBuildFile; fileRef = A50BA15D2A08EDCF00A15784 /* Assets.xcassets */; };
		A50BA18D2A08EDCF00A15784 /* Assets.xcassets in Resources */ = {isa = PBXBuildFile; fileRef = A50BA15D2A08EDCF00A15784 /* Assets.xcassets */; };
/* End PBXBuildFile section */

/* Begin PBXContainerItemProxy section */
		A50BA1732A08EDCF00A15784 /* PBXContainerItemProxy */ = {
			isa = PBXContainerItemProxy;
			containerPortal = A50BA1532A08EDCC00A15784 /* Project object */;
			proxyType = 1;
			remoteGlobalIDString = A50BA1612A08EDCF00A15784;
			remoteInfo = "TotalSecurity (iOS)";
		};
		A50BA17E2A08EDCF00A15784 /* PBXContainerItemProxy */ = {
			isa = PBXContainerItemProxy;
			containerPortal = A50BA1532A08EDCC00A15784 /* Project object */;
			proxyType = 1;
			remoteGlobalIDString = A50BA1692A08EDCF00A15784;
			remoteInfo = "TotalSecurity (macOS)";
		};
/* End PBXContainerItemProxy section */

/* Begin PBXFileReference section */
		A50BA1592A08EDCC00A15784 /* Shared.xcdatamodel */ = {isa = PBXFileReference; lastKnownFileType = wrapper.xcdatamodel; path = Shared.xcdatamodel; sourceTree = "<group>"; };
		A50BA15A2A08EDCC00A15784 /* TotalSecurityApp.swift */ = {isa = PBXFileReference; lastKnownFileType = sourcecode.swift; path = TotalSecurityApp.swift; sourceTree = "<group>"; };
		A50BA15B2A08EDCC00A15784 /* ContentView.swift */ = {isa = PBXFileReference; lastKnownFileType = sourcecode.swift; path = ContentView.swift; sourceTree = "<group>"; };
		A50BA15C2A08EDCC00A15784 /* Persistence.swift */ = {isa = PBXFileReference; lastKnownFileType = sourcecode.swift; path = Persistence.swift; sourceTree = "<group>"; };
		A50BA15D2A08EDCF00A15784 /* Assets.xcassets */ = {isa = PBXFileReference; lastKnownFileType = folder.assetcatalog; path = Assets.xcassets; sourceTree = "<group>"; };
		A50BA1622A08EDCF00A15784 /* TotalSecurity.app */ = {isa = PBXFileReference; explicitFileType = wrapper.application; includeInIndex = 0; path = TotalSecurity.app; sourceTree = BUILT_PRODUCTS_DIR; };
		A50BA1652A08EDCF00A15784 /* Info.plist */ = {isa = PBXFileReference; lastKnownFileType = text.plist.xml; path = Info.plist; sourceTree = "<group>"; };
		A50BA16A2A08EDCF00A15784 /* TotalSecurity.app */ = {isa = PBXFileReference; explicitFileType = wrapper.application; includeInIndex = 0; path = TotalSecurity.app; sourceTree = BUILT_PRODUCTS_DIR; };
		A50BA16C2A08EDCF00A15784 /* Info.plist */ = {isa = PBXFileReference; lastKnownFileType = text.plist.xml; path = Info.plist; sourceTree = "<group>"; };
		A50BA16D2A08EDCF00A15784 /* macOS.entitlements */ = {isa = PBXFileReference; lastKnownFileType = text.plist.entitlements; path = macOS.entitlements; sourceTree = "<group>"; };
		A50BA1722A08EDCF00A15784 /* Tests iOS.xctest */ = {isa = PBXFileReference; explicitFileType = wrapper.cfbundle; includeInIndex = 0; path = "Tests iOS.xctest"; sourceTree = BUILT_PRODUCTS_DIR; };
		A50BA1762A08EDCF00A15784 /* Tests_iOS.swift */ = {isa = PBXFileReference; lastKnownFileType = sourcecode.swift; path = Tests_iOS.swift; sourceTree = "<group>"; };
		A50BA1782A08EDCF00A15784 /* Info.plist */ = {isa = PBXFileReference; lastKnownFileType = text.plist.xml; path = Info.plist; sourceTree = "<group>"; };
		A50BA17D2A08EDCF00A15784 /* Tests macOS.xctest */ = {isa = PBXFileReference; explicitFileType = wrapper.cfbundle; includeInIndex = 0; path = "Tests macOS.xctest"; sourceTree = BUILT_PRODUCTS_DIR; };
		A50BA1812A08EDCF00A15784 /* Tests_macOS.swift */ = {isa = PBXFileReference; lastKnownFileType = sourcecode.swift; path = Tests_macOS.swift; sourceTree = "<group>"; };
		A50BA1832A08EDCF00A15784 /* Info.plist */ = {isa = PBXFileReference; lastKnownFileType = text.plist.xml; path = Info.plist; sourceTree = "<group>"; };
/* End PBXFileReference section */

/* Begin PBXFrameworksBuildPhase section */
		A50BA15F2A08EDCF00A15784 /* Frameworks */ = {
			isa = PBXFrameworksBuildPhase;
			buildActionMask = 2147483647;
			files = (
			);
			runOnlyForDeploymentPostprocessing = 0;
		};
		A50BA1672A08EDCF00A15784 /* Frameworks */ = {
			isa = PBXFrameworksBuildPhase;
			buildActionMask = 2147483647;
			files = (
			);
			runOnlyForDeploymentPostprocessing = 0;
		};
		A50BA16F2A08EDCF00A15784 /* Frameworks */ = {
			isa = PBXFrameworksBuildPhase;
			buildActionMask = 2147483647;
			files = (
			);
			runOnlyForDeploymentPostprocessing = 0;
		};
		A50BA17A2A08EDCF00A15784 /* Frameworks */ = {
			isa = PBXFrameworksBuildPhase;
			buildActionMask = 2147483647;
			files = (
			);
			runOnlyForDeploymentPostprocessing = 0;
		};
/* End PBXFrameworksBuildPhase section */

/* Begin PBXGroup section */
		A50BA1522A08EDCC00A15784 = {
			isa = PBXGroup;
			children = (
				A50BA1572A08EDCC00A15784 /* Shared */,
				A50BA1642A08EDCF00A15784 /* iOS */,
				A50BA16B2A08EDCF00A15784 /* macOS */,
				A50BA1752A08EDCF00A15784 /* Tests iOS */,
				A50BA1802A08EDCF00A15784 /* Tests macOS */,
				A50BA1632A08EDCF00A15784 /* Products */,
			);
			sourceTree = "<group>";
			usesTabs = 0;
		};
		A50BA1572A08EDCC00A15784 /* Shared */ = {
			isa = PBXGroup;
			children = (
				A50BA15A2A08EDCC00A15784 /* TotalSecurityApp.swift */,
				A50BA15B2A08EDCC00A15784 /* ContentView.swift */,
				A50BA15C2A08EDCC00A15784 /* Persistence.swift */,
				A50BA15D2A08EDCF00A15784 /* Assets.xcassets */,
				A50BA1582A08EDCC00A15784 /* TotalSecurity.xcdatamodeld */,
			);
			path = Shared;
			sourceTree = "<group>";
		};
		A50BA1632A08EDCF00A15784 /* Products */ = {
			isa = PBXGroup;
			children = (
				A50BA1622A08EDCF00A15784 /* TotalSecurity.app */,
				A50BA16A2A08EDCF00A15784 /* TotalSecurity.app */,
				A50BA1722A08EDCF00A15784 /* Tests iOS.xctest */,
				A50BA17D2A08EDCF00A15784 /* Tests macOS.xctest */,
			);
			name = Products;
			sourceTree = "<group>";
		};
		A50BA1642A08EDCF00A15784 /* iOS */ = {
			isa = PBXGroup;
			children = (
				A50BA1652A08EDCF00A15784 /* Info.plist */,
			);
			path = iOS;
			sourceTree = "<group>";
		};
		A50BA16B2A08EDCF00A15784 /* macOS */ = {
			isa = PBXGroup;
			children = (
				A50BA16C2A08EDCF00A15784 /* Info.plist */,
				A50BA16D2A08EDCF00A15784 /* macOS.entitlements */,
			);
			path = macOS;
			sourceTree = "<group>";
		};
		A50BA1752A08EDCF00A15784 /* Tests iOS */ = {
			isa = PBXGroup;
			children = (
				A50BA1762A08EDCF00A15784 /* Tests_iOS.swift */,
				A50BA1782A08EDCF00A15784 /* Info.plist */,
			);
			path = "Tests iOS";
			sourceTree = "<group>";
		};
		A50BA1802A08EDCF00A15784 /* Tests macOS */ = {
			isa = PBXGroup;
			children = (
				A50BA1812A08EDCF00A15784 /* Tests_macOS.swift */,
				A50BA1832A08EDCF00A15784 /* Info.plist */,
			);
			path = "Tests macOS";
			sourceTree = "<group>";
		};
/* End PBXGroup section */

/* Begin PBXNativeTarget section */
		A50BA1612A08EDCF00A15784 /* TotalSecurity (iOS) */ = {
			isa = PBXNativeTarget;
			buildConfigurationList = A50BA1902A08EDCF00A15784 /* Build configuration list for PBXNativeTarget "TotalSecurity (iOS)" */;
			buildPhases = (
				A50BA15E2A08EDCF00A15784 /* Sources */,
				A50BA15F2A08EDCF00A15784 /* Frameworks */,
				A50BA1602A08EDCF00A15784 /* Resources */,
			);
			buildRules = (
			);
			dependencies = (
			);
			name = "TotalSecurity (iOS)";
			productName = "TotalSecurity (iOS)";
			productReference = A50BA1622A08EDCF00A15784 /* TotalSecurity.app */;
			productType = "com.apple.product-type.application";
		};
		A50BA1692A08EDCF00A15784 /* TotalSecurity (macOS) */ = {
			isa = PBXNativeTarget;
			buildConfigurationList = A50BA1932A08EDCF00A15784 /* Build configuration list for PBXNativeTarget "TotalSecurity (macOS)" */;
			buildPhases = (
				A50BA1662A08EDCF00A15784 /* Sources */,
				A50BA1672A08EDCF00A15784 /* Frameworks */,
				A50BA1682A08EDCF00A15784 /* Resources */,
			);
			buildRules = (
			);
			dependencies = (
			);
			name = "TotalSecurity (macOS)";
			productName = "TotalSecurity (macOS)";
			productReference = A50BA16A2A08EDCF00A15784 /* TotalSecurity.app */;
			productType = "com.apple.product-type.application";
		};
		A50BA1712A08EDCF00A15784 /* Tests iOS */ = {
			isa = PBXNativeTarget;
			buildConfigurationList = A50BA1962A08EDCF00A15784 /* Build configuration list for PBXNativeTarget "Tests iOS" */;
			buildPhases = (
				A50BA16E2A08EDCF00A15784 /* Sources */,
				A50BA16F2A08EDCF00A15784 /* Frameworks */,
				A50BA1702A08EDCF00A15784 /* Resources */,
			);
			buildRules = (
			);
			dependencies = (
				A50BA1742A08EDCF00A15784 /* PBXTargetDependency */,
			);
			name = "Tests iOS";
			productName = "Tests iOS";
			productReference = A50BA1722A08EDCF00A15784 /* Tests iOS.xctest */;
			productType = "com.apple.product-type.bundle.ui-testing";
		};
		A50BA17C2A08EDCF00A15784 /* Tests macOS */ = {
			isa = PBXNativeTarget;
			buildConfigurationList = A50BA1992A08EDCF00A15784 /* Build configuration list for PBXNativeTarget "Tests macOS" */;
			buildPhases = (
				A50BA1792A08EDCF00A15784 /* Sources */,
				A50BA17A2A08EDCF00A15784 /* Frameworks */,
				A50BA17B2A08EDCF00A15784 /* Resources */,
			);
			buildRules = (
			);
			dependencies = (
				A50BA17F2A08EDCF00A15784 /* PBXTargetDependency */,
			);
			name = "Tests macOS";
			productName = "Tests macOS";
			productReference = A50BA17D2A08EDCF00A15784 /* Tests macOS.xctest */;
			productType = "com.apple.product-type.bundle.ui-testing";
		};
/* End PBXNativeTarget section */

/* Begin PBXProject section */
		A50BA1532A08EDCC00A15784 /* Project object */ = {
			isa = PBXProject;
			attributes = {
				BuildIndependentTargetsInParallel = YES;
				LastSwiftUpdateCheck = 1250;
				LastUpgradeCheck = 1250;
				ORGANIZATIONNAME = "NeXTLinux-Systems";
				TargetAttributes = {
					A50BA1612A08EDCF00A15784 = {
						CreatedOnToolsVersion = 12.5.1;
					};
					A50BA1692A08EDCF00A15784 = {
						CreatedOnToolsVersion = 12.5.1;
					};
					A50BA1712A08EDCF00A15784 = {
						CreatedOnToolsVersion = 12.5.1;
						TestTargetID = A50BA1612A08EDCF00A15784;
					};
					A50BA17C2A08EDCF00A15784 = {
						CreatedOnToolsVersion = 12.5.1;
						TestTargetID = A50BA1692A08EDCF00A15784;
					};
				};
			};
			buildConfigurationList = A50BA1562A08EDCC00A15784 /* Build configuration list for PBXProject "TotalSecurity" */;
			compatibilityVersion = "Xcode 9.3";
			developmentRegion = en;
			hasScannedForEncodings = 0;
			knownRegions = (
				en,
				Base,
			);
			mainGroup = A50BA1522A08EDCC00A15784;
			productRefGroup = A50BA1632A08EDCF00A15784 /* Products */;
			projectDirPath = "";
			projectRoot = "";
			targets = (
				A50BA1612A08EDCF00A15784 /* TotalSecurity (iOS) */,
				A50BA1692A08EDCF00A15784 /* TotalSecurity (macOS) */,
				A50BA1712A08EDCF00A15784 /* Tests iOS */,
				A50BA17C2A08EDCF00A15784 /* Tests macOS */,
			);
		};
/* End PBXProject section */

/* Begin PBXResourcesBuildPhase section */
		A50BA1602A08EDCF00A15784 /* Resources */ = {
			isa = PBXResourcesBuildPhase;
			buildActionMask = 2147483647;
			files = (
				A50BA18C2A08EDCF00A15784 /* Assets.xcassets in Resources */,
			);
			runOnlyForDeploymentPostprocessing = 0;
		};
		A50BA1682A08EDCF00A15784 /* Resources */ = {
			isa = PBXResourcesBuildPhase;
			buildActionMask = 2147483647;
			files = (
				A50BA18D2A08EDCF00A15784 /* Assets.xcassets in Resources */,
			);
			runOnlyForDeploymentPostprocessing = 0;
		};
		A50BA1702A08EDCF00A15784 /* Resources */ = {
			isa = PBXResourcesBuildPhase;
			buildActionMask = 2147483647;
			files = (
			);
			runOnlyForDeploymentPostprocessing = 0;
		};
		A50BA17B2A08EDCF00A15784 /* Resources */ = {
			isa = PBXResourcesBuildPhase;
			buildActionMask = 2147483647;
			files = (
			);
			runOnlyForDeploymentPostprocessing = 0;
		};
/* End PBXResourcesBuildPhase section */

/* Begin PBXSourcesBuildPhase section */
		A50BA15E2A08EDCF00A15784 /* Sources */ = {
			isa = PBXSourcesBuildPhase;
			buildActionMask = 2147483647;
			files = (
				A50BA1862A08EDCF00A15784 /* TotalSecurityApp.swift in Sources */,
				A50BA18A2A08EDCF00A15784 /* Persistence.swift in Sources */,
				A50BA1842A08EDCF00A15784 /* TotalSecurity.xcdatamodeld in Sources */,
				A50BA1882A08EDCF00A15784 /* ContentView.swift in Sources */,
			);
			runOnlyForDeploymentPostprocessing = 0;
		};
		A50BA1662A08EDCF00A15784 /* Sources */ = {
			isa = PBXSourcesBuildPhase;
			buildActionMask = 2147483647;
			files = (
				A50BA1872A08EDCF00A15784 /* TotalSecurityApp.swift in Sources */,
				A50BA18B2A08EDCF00A15784 /* Persistence.swift in Sources */,
				A50BA1852A08EDCF00A15784 /* TotalSecurity.xcdatamodeld in Sources */,
				A50BA1892A08EDCF00A15784 /* ContentView.swift in Sources */,
			);
			runOnlyForDeploymentPostprocessing = 0;
		};
		A50BA16E2A08EDCF00A15784 /* Sources */ = {
			isa = PBXSourcesBuildPhase;
			buildActionMask = 2147483647;
			files = (
				A50BA1772A08EDCF00A15784 /* Tests_iOS.swift in Sources */,
			);
			runOnlyForDeploymentPostprocessing = 0;
		};
		A50BA1792A08EDCF00A15784 /* Sources */ = {
			isa = PBXSourcesBuildPhase;
			buildActionMask = 2147483647;
			files = (
				A50BA1822A08EDCF00A15784 /* Tests_macOS.swift in Sources */,
			);
			runOnlyForDeploymentPostprocessing = 0;
		};
/* End PBXSourcesBuildPhase section */

/* Begin PBXTargetDependency section */
		A50BA1742A08EDCF00A15784 /* PBXTargetDependency */ = {
			isa = PBXTargetDependency;
			target = A50BA1612A08EDCF00A15784 /* TotalSecurity (iOS) */;
			targetProxy = A50BA1732A08EDCF00A15784 /* PBXContainerItemProxy */;
		};
		A50BA17F2A08EDCF00A15784 /* PBXTargetDependency */ = {
			isa = PBXTargetDependency;
			target = A50BA1692A08EDCF00A15784 /* TotalSecurity (macOS) */;
			targetProxy = A50BA17E2A08EDCF00A15784 /* PBXContainerItemProxy */;
		};
/* End PBXTargetDependency section */

/* Begin XCBuildConfiguration section */
		A50BA18E2A08EDCF00A15784 /* Debug */ = {
			isa = XCBuildConfiguration;
			buildSettings = {
				ALWAYS_SEARCH_USER_PATHS = NO;
				CLANG_ANALYZER_NONNULL = YES;
				CLANG_ANALYZER_NUMBER_OBJECT_CONVERSION = YES_AGGRESSIVE;
				CLANG_CXX_LANGUAGE_STANDARD = "gnu++14";
				CLANG_CXX_LIBRARY = "libc++";
				CLANG_ENABLE_MODULES = YES;
				CLANG_ENABLE_OBJC_ARC = YES;
				CLANG_ENABLE_OBJC_WEAK = YES;
				CLANG_WARN_BLOCK_CAPTURE_AUTORELEASING = YES;
				CLANG_WARN_BOOL_CONVERSION = YES;
				CLANG_WARN_COMMA = YES;
				CLANG_WARN_CONSTANT_CONVERSION = YES;
				CLANG_WARN_DEPRECATED_OBJC_IMPLEMENTATIONS = YES;
				CLANG_WARN_DIRECT_OBJC_ISA_USAGE = YES_ERROR;
				CLANG_WARN_DOCUMENTATION_COMMENTS = YES;
				CLANG_WARN_EMPTY_BODY = YES;
				CLANG_WARN_ENUM_CONVERSION = YES;
				CLANG_WARN_INFINITE_RECURSION = YES;
				CLANG_WARN_INT_CONVERSION = YES;
				CLANG_WARN_NON_LITERAL_NULL_CONVERSION = YES;
				CLANG_WARN_OBJC_IMPLICIT_RETAIN_SELF = YES;
				CLANG_WARN_OBJC_LITERAL_CONVERSION = YES;
				CLANG_WARN_OBJC_ROOT_CLASS = YES_ERROR;
				CLANG_WARN_QUOTED_INCLUDE_IN_FRAMEWORK_HEADER = YES;
				CLANG_WARN_RANGE_LOOP_ANALYSIS = YES;
				CLANG_WARN_STRICT_PROTOTYPES = YES;
				CLANG_WARN_SUSPICIOUS_MOVE = YES;
				CLANG_WARN_UNGUARDED_AVAILABILITY = YES_AGGRESSIVE;
				CLANG_WARN_UNREACHABLE_CODE = YES;
				CLANG_WARN__DUPLICATE_METHOD_MATCH = YES;
				COPY_PHASE_STRIP = NO;
				DEBUG_INFORMATION_FORMAT = dwarf;
				ENABLE_STRICT_OBJC_MSGSEND = YES;
				ENABLE_TESTABILITY = YES;
				GCC_C_LANGUAGE_STANDARD = gnu11;
				GCC_DYNAMIC_NO_PIC = NO;
				GCC_NO_COMMON_BLOCKS = YES;
				GCC_OPTIMIZATION_LEVEL = 0;
				GCC_PREPROCESSOR_DEFINITIONS = (
					"DEBUG=1",
					"$(inherited)",
				);
				GCC_WARN_64_TO_32_BIT_CONVERSION = YES;
				GCC_WARN_ABOUT_RETURN_TYPE = YES_ERROR;
				GCC_WARN_UNDECLARED_SELECTOR = YES;
				GCC_WARN_UNINITIALIZED_AUTOS = YES_AGGRESSIVE;
				GCC_WARN_UNUSED_FUNCTION = YES;
				GCC_WARN_UNUSED_VARIABLE = YES;
				MTL_ENABLE_DEBUG_INFO = INCLUDE_SOURCE;
				MTL_FAST_MATH = YES;
				ONLY_ACTIVE_ARCH = YES;
				SWIFT_ACTIVE_COMPILATION_CONDITIONS = DEBUG;
				SWIFT_OPTIMIZATION_LEVEL = "-Onone";
			};
			name = Debug;
		};
		A50BA18F2A08EDCF00A15784 /* Release */ = {
			isa = XCBuildConfiguration;
			buildSettings = {
				ALWAYS_SEARCH_USER_PATHS = NO;
				CLANG_ANALYZER_NONNULL = YES;
				CLANG_ANALYZER_NUMBER_OBJECT_CONVERSION = YES_AGGRESSIVE;
				CLANG_CXX_LANGUAGE_STANDARD = "gnu++14";
				CLANG_CXX_LIBRARY = "libc++";
				CLANG_ENABLE_MODULES = YES;
				CLANG_ENABLE_OBJC_ARC = YES;
				CLANG_ENABLE_OBJC_WEAK = YES;
				CLANG_WARN_BLOCK_CAPTURE_AUTORELEASING = YES;
				CLANG_WARN_BOOL_CONVERSION = YES;
				CLANG_WARN_COMMA = YES;
				CLANG_WARN_CONSTANT_CONVERSION = YES;
				CLANG_WARN_DEPRECATED_OBJC_IMPLEMENTATIONS = YES;
				CLANG_WARN_DIRECT_OBJC_ISA_USAGE = YES_ERROR;
				CLANG_WARN_DOCUMENTATION_COMMENTS = YES;
				CLANG_WARN_EMPTY_BODY = YES;
				CLANG_WARN_ENUM_CONVERSION = YES;
				CLANG_WARN_INFINITE_RECURSION = YES;
				CLANG_WARN_INT_CONVERSION = YES;
				CLANG_WARN_NON_LITERAL_NULL_CONVERSION = YES;
				CLANG_WARN_OBJC_IMPLICIT_RETAIN_SELF = YES;
				CLANG_WARN_OBJC_LITERAL_CONVERSION = YES;
				CLANG_WARN_OBJC_ROOT_CLASS = YES_ERROR;
				CLANG_WARN_QUOTED_INCLUDE_IN_FRAMEWORK_HEADER = YES;
				CLANG_WARN_RANGE_LOOP_ANALYSIS = YES;
				CLANG_WARN_STRICT_PROTOTYPES = YES;
				CLANG_WARN_SUSPICIOUS_MOVE = YES;
				CLANG_WARN_UNGUARDED_AVAILABILITY = YES_AGGRESSIVE;
				CLANG_WARN_UNREACHABLE_CODE = YES;
				CLANG_WARN__DUPLICATE_METHOD_MATCH = YES;
				COPY_PHASE_STRIP = NO;
				DEBUG_INFORMATION_FORMAT = "dwarf-with-dsym";
				ENABLE_NS_ASSERTIONS = NO;
				ENABLE_STRICT_OBJC_MSGSEND = YES;
				GCC_C_LANGUAGE_STANDARD = gnu11;
				GCC_NO_COMMON_BLOCKS = YES;
				GCC_WARN_64_TO_32_BIT_CONVERSION = YES;
				GCC_WARN_ABOUT_RETURN_TYPE = YES_ERROR;
				GCC_WARN_UNDECLARED_SELECTOR = YES;
				GCC_WARN_UNINITIALIZED_AUTOS = YES_AGGRESSIVE;
				GCC_WARN_UNUSED_FUNCTION = YES;
				GCC_WARN_UNUSED_VARIABLE = YES;
				MTL_ENABLE_DEBUG_INFO = NO;
				MTL_FAST_MATH = YES;
				SWIFT_COMPILATION_MODE = wholemodule;
				SWIFT_OPTIMIZATION_LEVEL = "-O";
			};
			name = Release;
		};
		A50BA1912A08EDCF00A15784 /* Debug */ = {
			isa = XCBuildConfiguration;
			buildSettings = {
				ASSETCATALOG_COMPILER_APPICON_NAME = AppIcon;
				ASSETCATALOG_COMPILER_GLOBAL_ACCENT_COLOR_NAME = AccentColor;
				CODE_SIGN_STYLE = Automatic;
				DEVELOPMENT_TEAM = JZSX36RFVJ;
				ENABLE_PREVIEWS = YES;
				INFOPLIST_FILE = iOS/Info.plist;
				IPHONEOS_DEPLOYMENT_TARGET = 14.0;
				LD_RUNPATH_SEARCH_PATHS = (
					"$(inherited)",
					"@executable_path/Frameworks",
				);
				PRODUCT_BUNDLE_IDENTIFIER = "nextlinux-systems.TotalSecurity";
				PRODUCT_NAME = TotalSecurity;
				SDKROOT = iphoneos;
				SWIFT_VERSION = 5.0;
				TARGETED_DEVICE_FAMILY = "1,2";
			};
			name = Debug;
		};
		A50BA1922A08EDCF00A15784 /* Release */ = {
			isa = XCBuildConfiguration;
			buildSettings = {
				ASSETCATALOG_COMPILER_APPICON_NAME = AppIcon;
				ASSETCATALOG_COMPILER_GLOBAL_ACCENT_COLOR_NAME = AccentColor;
				CODE_SIGN_STYLE = Automatic;
				DEVELOPMENT_TEAM = JZSX36RFVJ;
				ENABLE_PREVIEWS = YES;
				INFOPLIST_FILE = iOS/Info.plist;
				IPHONEOS_DEPLOYMENT_TARGET = 14.0;
				LD_RUNPATH_SEARCH_PATHS = (
					"$(inherited)",
					"@executable_path/Frameworks",
				);
				PRODUCT_BUNDLE_IDENTIFIER = "nextlinux-systems.TotalSecurity";
				PRODUCT_NAME = TotalSecurity;
				SDKROOT = iphoneos;
				SWIFT_VERSION = 5.0;
				TARGETED_DEVICE_FAMILY = "1,2";
				VALIDATE_PRODUCT = YES;
			};
			name = Release;
		};
		A50BA1942A08EDCF00A15784 /* Debug */ = {
			isa = XCBuildConfiguration;
			buildSettings = {
				ASSETCATALOG_COMPILER_APPICON_NAME = AppIcon;
				ASSETCATALOG_COMPILER_GLOBAL_ACCENT_COLOR_NAME = AccentColor;
				CODE_SIGN_ENTITLEMENTS = macOS/macOS.entitlements;
				CODE_SIGN_STYLE = Automatic;
				COMBINE_HIDPI_IMAGES = YES;
				DEVELOPMENT_TEAM = JZSX36RFVJ;
				ENABLE_HARDENED_RUNTIME = YES;
				ENABLE_PREVIEWS = YES;
				INFOPLIST_FILE = macOS/Info.plist;
				LD_RUNPATH_SEARCH_PATHS = (
					"$(inherited)",
					"@executable_path/../Frameworks",
				);
				MACOSX_DEPLOYMENT_TARGET = 11.0;
				PRODUCT_BUNDLE_IDENTIFIER = "nextlinux-systems.TotalSecurity";
				PRODUCT_NAME = TotalSecurity;
				SDKROOT = macosx;
				SWIFT_VERSION = 5.0;
			};
			name = Debug;
		};
		A50BA1952A08EDCF00A15784 /* Release */ = {
			isa = XCBuildConfiguration;
			buildSettings = {
				ASSETCATALOG_COMPILER_APPICON_NAME = AppIcon;
				ASSETCATALOG_COMPILER_GLOBAL_ACCENT_COLOR_NAME = AccentColor;
				CODE_SIGN_ENTITLEMENTS = macOS/macOS.entitlements;
				CODE_SIGN_STYLE = Automatic;
				COMBINE_HIDPI_IMAGES = YES;
				DEVELOPMENT_TEAM = JZSX36RFVJ;
				ENABLE_HARDENED_RUNTIME = YES;
				ENABLE_PREVIEWS = YES;
				INFOPLIST_FILE = macOS/Info.plist;
				LD_RUNPATH_SEARCH_PATHS = (
					"$(inherited)",
					"@executable_path/../Frameworks",
				);
				MACOSX_DEPLOYMENT_TARGET = 11.0;
				PRODUCT_BUNDLE_IDENTIFIER = "nextlinux-systems.TotalSecurity";
				PRODUCT_NAME = TotalSecurity;
				SDKROOT = macosx;
				SWIFT_VERSION = 5.0;
			};
			name = Release;
		};
		A50BA1972A08EDCF00A15784 /* Debug */ = {
			isa = XCBuildConfiguration;
			buildSettings = {
				ALWAYS_EMBED_SWIFT_STANDARD_LIBRARIES = YES;
				CODE_SIGN_STYLE = Automatic;
				DEVELOPMENT_TEAM = JZSX36RFVJ;
				INFOPLIST_FILE = "Tests iOS/Info.plist";
				IPHONEOS_DEPLOYMENT_TARGET = 14.5;
				LD_RUNPATH_SEARCH_PATHS = (
					"$(inherited)",
					"@executable_path/Frameworks",
					"@loader_path/Frameworks",
				);
				PRODUCT_BUNDLE_IDENTIFIER = "nextlinux-systems.Tests-iOS";
				PRODUCT_NAME = "$(TARGET_NAME)";
				SDKROOT = iphoneos;
				SWIFT_VERSION = 5.0;
				TARGETED_DEVICE_FAMILY = "1,2";
				TEST_TARGET_NAME = "TotalSecurity (iOS)";
			};
			name = Debug;
		};
		A50BA1982A08EDCF00A15784 /* Release */ = {
			isa = XCBuildConfiguration;
			buildSettings = {
				ALWAYS_EMBED_SWIFT_STANDARD_LIBRARIES = YES;
				CODE_SIGN_STYLE = Automatic;
				DEVELOPMENT_TEAM = JZSX36RFVJ;
				INFOPLIST_FILE = "Tests iOS/Info.plist";
				IPHONEOS_DEPLOYMENT_TARGET = 14.5;
				LD_RUNPATH_SEARCH_PATHS = (
					"$(inherited)",
					"@executable_path/Frameworks",
					"@loader_path/Frameworks",
				);
				PRODUCT_BUNDLE_IDENTIFIER = "nextlinux-systems.Tests-iOS";
				PRODUCT_NAME = "$(TARGET_NAME)";
				SDKROOT = iphoneos;
				SWIFT_VERSION = 5.0;
				TARGETED_DEVICE_FAMILY = "1,2";
				TEST_TARGET_NAME = "TotalSecurity (iOS)";
				VALIDATE_PRODUCT = YES;
			};
			name = Release;
		};
		A50BA19A2A08EDCF00A15784 /* Debug */ = {
			isa = XCBuildConfiguration;
			buildSettings = {
				ALWAYS_EMBED_SWIFT_STANDARD_LIBRARIES = YES;
				CODE_SIGN_STYLE = Automatic;
				COMBINE_HIDPI_IMAGES = YES;
				DEVELOPMENT_TEAM = JZSX36RFVJ;
				INFOPLIST_FILE = "Tests macOS/Info.plist";
				LD_RUNPATH_SEARCH_PATHS = (
					"$(inherited)",
					"@executable_path/../Frameworks",
					"@loader_path/../Frameworks",
				);
				MACOSX_DEPLOYMENT_TARGET = 11.3;
				PRODUCT_BUNDLE_IDENTIFIER = "nextlinux-systems.Tests-macOS";
				PRODUCT_NAME = "$(TARGET_NAME)";
				SDKROOT = macosx;
				SWIFT_VERSION = 5.0;
				TEST_TARGET_NAME = "TotalSecurity (macOS)";
			};
			name = Debug;
		};
		A50BA19B2A08EDCF00A15784 /* Release */ = {
			isa = XCBuildConfiguration;
			buildSettings = {
				ALWAYS_EMBED_SWIFT_STANDARD_LIBRARIES = YES;
				CODE_SIGN_STYLE = Automatic;
				COMBINE_HIDPI_IMAGES = YES;
				DEVELOPMENT_TEAM = JZSX36RFVJ;
				INFOPLIST_FILE = "Tests macOS/Info.plist";
				LD_RUNPATH_SEARCH_PATHS = (
					"$(inherited)",
					"@executable_path/../Frameworks",
					"@loader_path/../Frameworks",
				);
				MACOSX_DEPLOYMENT_TARGET = 11.3;
				PRODUCT_BUNDLE_IDENTIFIER = "nextlinux-systems.Tests-macOS";
				PRODUCT_NAME = "$(TARGET_NAME)";
				SDKROOT = macosx;
				SWIFT_VERSION = 5.0;
				TEST_TARGET_NAME = "TotalSecurity (macOS)";
			};
			name = Release;
		};
/* End XCBuildConfiguration section */

/* Begin XCConfigurationList section */
		A50BA1562A08EDCC00A15784 /* Build configuration list for PBXProject "TotalSecurity" */ = {
			isa = XCConfigurationList;
			buildConfigurations = (
				A50BA18E2A08EDCF00A15784 /* Debug */,
				A50BA18F2A08EDCF00A15784 /* Release */,
			);
			defaultConfigurationIsVisible = 0;
			defaultConfigurationName = Release;
		};
		A50BA1902A08EDCF00A15784 /* Build configuration list for PBXNativeTarget "TotalSecurity (iOS)" */ = {
			isa = XCConfigurationList;
			buildConfigurations = (
				A50BA1912A08EDCF00A15784 /* Debug */,
				A50BA1922A08EDCF00A15784 /* Release */,
			);
			defaultConfigurationIsVisible = 0;
			defaultConfigurationName = Release;
		};
		A50BA1932A08EDCF00A15784 /* Build configuration list for PBXNativeTarget "TotalSecurity (macOS)" */ = {
			isa = XCConfigurationList;
			buildConfigurations = (
				A50BA1942A08EDCF00A15784 /* Debug */,
				A50BA1952A08EDCF00A15784 /* Release */,
			);
			defaultConfigurationIsVisible = 0;
			defaultConfigurationName = Release;
		};
		A50BA1962A08EDCF00A15784 /* Build configuration list for PBXNativeTarget "Tests iOS" */ = {
			isa = XCConfigurationList;
			buildConfigurations = (
				A50BA1972A08EDCF00A15784 /* Debug */,
				A50BA1982A08EDCF00A15784 /* Release */,
			);
			defaultConfigurationIsVisible = 0;
			defaultConfigurationName = Release;
		};
		A50BA1992A08EDCF00A15784 /* Build configuration list for PBXNativeTarget "Tests macOS" */ = {
			isa = XCConfigurationList;
			buildConfigurations = (
				A50BA19A2A08EDCF00A15784 /* Debug */,
				A50BA19B2A08EDCF00A15784 /* Release */,
			);
			defaultConfigurationIsVisible = 0;
			defaultConfigurationName = Release;
		};
/* End XCConfigurationList section */

/* Begin XCVersionGroup section */
		A50BA1582A08EDCC00A15784 /* TotalSecurity.xcdatamodeld */ = {
			isa = XCVersionGroup;
			children = (
				A50BA1592A08EDCC00A15784 /* Shared.xcdatamodel */,
			);
			currentVersion = A50BA1592A08EDCC00A15784 /* Shared.xcdatamodel */;
			path = TotalSecurity.xcdatamodeld;
			sourceTree = "<group>";
			versionGroupType = wrapper.xcdatamodel;
		};
/* End XCVersionGroup section */
	};
	rootObject = A50BA1532A08EDCC00A15784 /* Project object */;
}
